
Microsoft Visual Studio Solution File, Format Version 12.00
# Visual Studio Version 17
VisualStudioVersion = 17.1.32328.378
MinimumVisualStudioVersion = 10.0.40219.1
Project("{FAE04EC0-301F-11D3-BF4B-00C04F79EFBC}") = "Northwind.Entities", "Northwind.Entities\Northwind.Entities.csproj", "{F3ECC5A2-A44B-4339-8368-3D9E577C04F3}"
EndProject
Project("{FAE04EC0-301F-11D3-BF4B-00C04F79EFBC}") = "Northwind.DataAccess", "Northwind.DataAccess\Northwind.DataAccess.csproj", "{39143853-3C6C-4A26-A255-3F76A087A42D}"
EndProject
Project("{FAE04EC0-301F-11D3-BF4B-00C04F79EFBC}") = "Northwind.Bussines", "Northwind.Bussines\Northwind.Bussines.csproj", "{0B5805AE-9FA7-40C8-8D41-5FD0ACF69912}"
EndProject
Project("{FAE04EC0-301F-11D3-BF4B-00C04F79EFBC}") = "Northwind.WebFormsUI", "Northwind.WebFormsUI\Northwind.WebFormsUI.csproj", "{955D0957-4E60-4D42-9296-07F639110A89}"
EndProject
Global
	GlobalSection(SolutionConfigurationPlatforms) = preSolution
		Debug|Any CPU = Debug|Any CPU
		Release|Any CPU = Release|Any CPU
	EndGlobalSection
	GlobalSection(ProjectConfigurationPlatforms) = postSolution
		{F3ECC5A2-A44B-4339-8368-3D9E577C04F3}.Debug|Any CPU.ActiveCfg = Debug|Any CPU
		{F3ECC5A2-A44B-4339-8368-3D9E577C04F3}.Debug|Any CPU.Build.0 = Debug|Any CPU
		{F3ECC5A2-A44B-4339-8368-3D9E577C04F3}.Release|Any CPU.ActiveCfg = Release|Any CPU
		{F3ECC5A2-A44B-4339-8368-3D9E577C04F3}.Release|Any CPU.Build.0 = Release|Any CPU
		{39143853-3C6C-4A26-A255-3F76A087A42D}.Debug|Any CPU.ActiveCfg = Debug|Any CPU
		{39143853-3C6C-4A26-A255-3F76A087A42D}.Debug|Any CPU.Build.0 = Debug|Any CPU
		{39143853-3C6C-4A26-A255-3F76A087A42D}.Release|Any CPU.ActiveCfg = Release|Any CPU
		{39143853-3C6C-4A26-A255-3F76A087A42D}.Release|Any CPU.Build.0 = Release|Any CPU
		{0B5805AE-9FA7-40C8-8D41-5FD0ACF69912}.Debug|Any CPU.ActiveCfg = Debug|Any CPU
		{0B5805AE-9FA7-40C8-8D41-5FD0ACF69912}.Debug|Any CPU.Build.0 = Debug|Any CPU
		{0B5805AE-9FA7-40C8-8D41-5FD0ACF69912}.Release|Any CPU.ActiveCfg = Release|Any CPU
		{0B5805AE-9FA7-40C8-8D41-5FD0ACF69912}.Release|Any CPU.Build.0 = Release|Any CPU
		{955D0957-4E60-4D42-9296-07F639110A89}.Debug|Any CPU.ActiveCfg = Debug|Any CPU
		{955D0957-4E60-4D42-9296-07F639110A89}.Debug|Any CPU.Build.0 = Debug|Any CPU
		{955D0957-4E60-4D42-9296-07F639110A89}.Release|Any CPU.ActiveCfg = Release|Any CPU
		{955D0957-4E60-4D42-9296-07F639110A89}.Release|Any CPU.Build.0 = Release|Any CPU
	EndGlobalSection
	GlobalSection(SolutionProperties) = preSolution
		HideSolutionNode = FALSE
	EndGlobalSection
	GlobalSection(ExtensibilityGlobals) = postSolution
		SolutionGuid = {075C27BC-327F-420B-B23C-B86D66417B76}
	EndGlobalSection
EndGlobal
