
Microsoft Visual Studio Solution File, Format Version 12.00
# Visual Studio Version 17
VisualStudioVersion = 17.0.32126.317
MinimumVisualStudioVersion = 10.0.40219.1
Project("{FAE04EC0-301F-11D3-BF4B-00C04F79EFBC}") = "TopSektirme", "TopSektirme\TopSektirme.csproj", "{93ED9F11-741F-47A7-8252-D0D9E1FA105E}"
EndProject
Global
	GlobalSection(SolutionConfigurationPlatforms) = preSolution
		Debug|Any CPU = Debug|Any CPU
		Release|Any CPU = Release|Any CPU
	EndGlobalSection
	GlobalSection(ProjectConfigurationPlatforms) = postSolution
		{93ED9F11-741F-47A7-8252-D0D9E1FA105E}.Debug|Any CPU.ActiveCfg = Debug|Any CPU
		{93ED9F11-741F-47A7-8252-D0D9E1FA105E}.Debug|Any CPU.Build.0 = Debug|Any CPU
		{93ED9F11-741F-47A7-8252-D0D9E1FA105E}.Release|Any CPU.ActiveCfg = Release|Any CPU
		{93ED9F11-741F-47A7-8252-D0D9E1FA105E}.Release|Any CPU.Build.0 = Release|Any CPU
	EndGlobalSection
	GlobalSection(SolutionProperties) = preSolution
		HideSolutionNode = FALSE
	EndGlobalSection
	GlobalSection(ExtensibilityGlobals) = postSolution
		SolutionGuid = {EC8A1064-367A-409F-8016-930BBC479809}
	EndGlobalSection
EndGlobal
